
Microsoft Visual Studio Solution File, Format Version 11.00
# Visual C# Express 2010
Project("{FAE04EC0-301F-11D3-BF4B-00C04F79EFBC}") = "tur_donusumu_2", "tur_donusumu_2\tur_donusumu_2.csproj", "{0C84C30B-EB7B-4CD3-81DF-870DEE34D080}"
EndProject
Global
	GlobalSection(SolutionConfigurationPlatforms) = preSolution
		Debug|x86 = Debug|x86
		Release|x86 = Release|x86
	EndGlobalSection
	GlobalSection(ProjectConfigurationPlatforms) = postSolution
		{0C84C30B-EB7B-4CD3-81DF-870DEE34D080}.Debug|x86.ActiveCfg = Debug|x86
		{0C84C30B-EB7B-4CD3-81DF-870DEE34D080}.Debug|x86.Build.0 = Debug|x86
		{0C84C30B-EB7B-4CD3-81DF-870DEE34D080}.Release|x86.ActiveCfg = Release|x86
		{0C84C30B-EB7B-4CD3-81DF-870DEE34D080}.Release|x86.Build.0 = Release|x86
	EndGlobalSection
	GlobalSection(SolutionProperties) = preSolution
		HideSolutionNode = FALSE
	EndGlobalSection
EndGlobal
